
Microsoft Visual Studio Solution File, Format Version 12.00
# Visual Studio Version 16
VisualStudioVersion = 16.0.31205.134
MinimumVisualStudioVersion = 10.0.40219.1
Project("{FAE04EC0-301F-11D3-BF4B-00C04F79EFBC}") = "CABackupFrontend", "CABackupFrontend\CABackupFrontend.csproj", "{E8EAA4D4-29DD-4350-A763-16C285245FED}"
EndProject
Global
	GlobalSection(SolutionConfigurationPlatforms) = preSolution
		Debug|Any CPU = Debug|Any CPU
		Release|Any CPU = Release|Any CPU
	EndGlobalSection
	GlobalSection(ProjectConfigurationPlatforms) = postSolution
		{E8EAA4D4-29DD-4350-A763-16C285245FED}.Debug|Any CPU.ActiveCfg = Debug|Any CPU
		{E8EAA4D4-29DD-4350-A763-16C285245FED}.Debug|Any CPU.Build.0 = Debug|Any CPU
		{E8EAA4D4-29DD-4350-A763-16C285245FED}.Release|Any CPU.ActiveCfg = Release|Any CPU
		{E8EAA4D4-29DD-4350-A763-16C285245FED}.Release|Any CPU.Build.0 = Release|Any CPU
	EndGlobalSection
	GlobalSection(SolutionProperties) = preSolution
		HideSolutionNode = FALSE
	EndGlobalSection
	GlobalSection(ExtensibilityGlobals) = postSolution
		SolutionGuid = {5CF120AC-D294-41A5-B17F-7540E37C0A57}
	EndGlobalSection
EndGlobal
